<?xml version="1.0" encoding="utf-8"?>
<Project ToolsVersion="16.0" xmlns="http://schemas.microsoft.com/developer/msbuild/2003">
  <ItemGroup>
    <ClCompile Include="D:\Projects\raygene3d-demo\raygene3d-base\base.cpp" />
    <ClCompile Include="D:\Projects\raygene3d-demo\raygene3d-base\config.cpp" />
    <ClCompile Include="D:\Projects\raygene3d-demo\raygene3d-base\device.cpp" />
    <ClCompile Include="D:\Projects\raygene3d-demo\raygene3d-base\layout.cpp" />
    <ClCompile Include="D:\Projects\raygene3d-demo\raygene3d-base\pass.cpp" />
    <ClCompile Include="D:\Projects\raygene3d-demo\raygene3d-base\resource.cpp" />
    <ClCompile Include="D:\Projects\raygene3d-demo\raygene3d-base\view.cpp" />
    <ClCompile Include="D:\Projects\raygene3d-demo\raygene3d-base\d11\d11_config.cpp">
      <Filter>d11</Filter>
    </ClCompile>
    <ClCompile Include="D:\Projects\raygene3d-demo\raygene3d-base\d11\d11_device.cpp">
      <Filter>d11</Filter>
    </ClCompile>
    <ClCompile Include="D:\Projects\raygene3d-demo\raygene3d-base\d11\d11_layout.cpp">
      <Filter>d11</Filter>
    </ClCompile>
    <ClCompile Include="D:\Projects\raygene3d-demo\raygene3d-base\d11\d11_pass.cpp">
      <Filter>d11</Filter>
    </ClCompile>
    <ClCompile Include="D:\Projects\raygene3d-demo\raygene3d-base\d11\d11_resource.cpp">
      <Filter>d11</Filter>
    </ClCompile>
    <ClCompile Include="D:\Projects\raygene3d-demo\raygene3d-base\d11\d11_view.cpp">
      <Filter>d11</Filter>
    </ClCompile>
    <ClCompile Include="D:\Projects\raygene3d-demo\raygene3d-base\vlk\vlk_config.cpp">
      <Filter>vlk</Filter>
    </ClCompile>
    <ClCompile Include="D:\Projects\raygene3d-demo\raygene3d-base\vlk\vlk_device.cpp">
      <Filter>vlk</Filter>
    </ClCompile>
    <ClCompile Include="D:\Projects\raygene3d-demo\raygene3d-base\vlk\vlk_layout.cpp">
      <Filter>vlk</Filter>
    </ClCompile>
    <ClCompile Include="D:\Projects\raygene3d-demo\raygene3d-base\vlk\vlk_pass.cpp">
      <Filter>vlk</Filter>
    </ClCompile>
    <ClCompile Include="D:\Projects\raygene3d-demo\raygene3d-base\vlk\vlk_resource.cpp">
      <Filter>vlk</Filter>
    </ClCompile>
    <ClCompile Include="D:\Projects\raygene3d-demo\raygene3d-base\vlk\vlk_view.cpp">
      <Filter>vlk</Filter>
    </ClCompile>
  </ItemGroup>
  <ItemGroup>
    <ClInclude Include="D:\Projects\raygene3d-demo\raygene3d-base\base.h" />
    <ClInclude Include="D:\Projects\raygene3d-demo\raygene3d-base\config.h" />
    <ClInclude Include="D:\Projects\raygene3d-demo\raygene3d-base\device.h" />
    <ClInclude Include="D:\Projects\raygene3d-demo\raygene3d-base\layout.h" />
    <ClInclude Include="D:\Projects\raygene3d-demo\raygene3d-base\pass.h" />
    <ClInclude Include="D:\Projects\raygene3d-demo\raygene3d-base\resource.h" />
    <ClInclude Include="D:\Projects\raygene3d-demo\raygene3d-base\view.h" />
    <ClInclude Include="D:\Projects\raygene3d-demo\raygene3d-base\d11\d11_config.h">
      <Filter>d11</Filter>
    </ClInclude>
    <ClInclude Include="D:\Projects\raygene3d-demo\raygene3d-base\d11\d11_device.h">
      <Filter>d11</Filter>
    </ClInclude>
    <ClInclude Include="D:\Projects\raygene3d-demo\raygene3d-base\d11\d11_layout.h">
      <Filter>d11</Filter>
    </ClInclude>
    <ClInclude Include="D:\Projects\raygene3d-demo\raygene3d-base\d11\d11_pass.h">
      <Filter>d11</Filter>
    </ClInclude>
    <ClInclude Include="D:\Projects\raygene3d-demo\raygene3d-base\d11\d11_resource.h">
      <Filter>d11</Filter>
    </ClInclude>
    <ClInclude Include="D:\Projects\raygene3d-demo\raygene3d-base\d11\d11_view.h">
      <Filter>d11</Filter>
    </ClInclude>
    <ClInclude Include="D:\Projects\raygene3d-demo\raygene3d-base\vlk\vlk_config.h">
      <Filter>vlk</Filter>
    </ClInclude>
    <ClInclude Include="D:\Projects\raygene3d-demo\raygene3d-base\vlk\vlk_device.h">
      <Filter>vlk</Filter>
    </ClInclude>
    <ClInclude Include="D:\Projects\raygene3d-demo\raygene3d-base\vlk\vlk_layout.h">
      <Filter>vlk</Filter>
    </ClInclude>
    <ClInclude Include="D:\Projects\raygene3d-demo\raygene3d-base\vlk\vlk_pass.h">
      <Filter>vlk</Filter>
    </ClInclude>
    <ClInclude Include="D:\Projects\raygene3d-demo\raygene3d-base\vlk\vlk_resource.h">
      <Filter>vlk</Filter>
    </ClInclude>
    <ClInclude Include="D:\Projects\raygene3d-demo\raygene3d-base\vlk\vlk_view.h">
      <Filter>vlk</Filter>
    </ClInclude>
  </ItemGroup>
  <ItemGroup>
    <CustomBuild Include="D:\Projects\raygene3d-demo\raygene3d-base\CMakeLists.txt" />
  </ItemGroup>
  <ItemGroup>
    <Filter Include="d11">
      <UniqueIdentifier>{3FF3D7EF-5158-315E-AD43-7EEDBE14DE00}</UniqueIdentifier>
    </Filter>
    <Filter Include="vlk">
      <UniqueIdentifier>{27C9E671-3A2E-3EFF-BDEB-DBCF2A633E12}</UniqueIdentifier>
    </Filter>
  </ItemGroup>
</Project>
